
Microsoft Visual Studio Solution File, Format Version 12.00
# Visual Studio Version 17
VisualStudioVersion = 17.12.35527.113 d17.12
MinimumVisualStudioVersion = 10.0.40219.1
Project("{8BC9CEB8-8B4A-11D0-8D11-00A0C91BC942}") = "Profiler", "Profiler\Profiler.vcxproj", "{AC7C55A5-C195-40A1-ADD7-41C14E7430B8}"
EndProject
Global
	GlobalSection(SolutionConfigurationPlatforms) = preSolution
		Debug|ARM64 = Debug|ARM64
		Debug|x64 = Debug|x64
		Debug|x86 = Debug|x86
		Release|ARM64 = Release|ARM64
		Release|x64 = Release|x64
		Release|x86 = Release|x86
	EndGlobalSection
	GlobalSection(ProjectConfigurationPlatforms) = postSolution
		{AC7C55A5-C195-40A1-ADD7-41C14E7430B8}.Debug|ARM64.ActiveCfg = Debug|ARM64
		{AC7C55A5-C195-40A1-ADD7-41C14E7430B8}.Debug|ARM64.Build.0 = Debug|ARM64
		{AC7C55A5-C195-40A1-ADD7-41C14E7430B8}.Debug|x64.ActiveCfg = Debug|x64
		{AC7C55A5-C195-40A1-ADD7-41C14E7430B8}.Debug|x64.Build.0 = Debug|x64
		{AC7C55A5-C195-40A1-ADD7-41C14E7430B8}.Debug|x86.ActiveCfg = Debug|Win32
		{AC7C55A5-C195-40A1-ADD7-41C14E7430B8}.Debug|x86.Build.0 = Debug|Win32
		{AC7C55A5-C195-40A1-ADD7-41C14E7430B8}.Release|ARM64.ActiveCfg = Release|ARM64
		{AC7C55A5-C195-40A1-ADD7-41C14E7430B8}.Release|ARM64.Build.0 = Release|ARM64
		{AC7C55A5-C195-40A1-ADD7-41C14E7430B8}.Release|x64.ActiveCfg = Release|x64
		{AC7C55A5-C195-40A1-ADD7-41C14E7430B8}.Release|x64.Build.0 = Release|x64
		{AC7C55A5-C195-40A1-ADD7-41C14E7430B8}.Release|x86.ActiveCfg = Release|Win32
		{AC7C55A5-C195-40A1-ADD7-41C14E7430B8}.Release|x86.Build.0 = Release|Win32
	EndGlobalSection
	GlobalSection(SolutionProperties) = preSolution
		HideSolutionNode = FALSE
	EndGlobalSection
EndGlobal
